// !$*UTF8*$!
{
	archiveVersion = 1;
	classes = {
	};
	objectVersion = 46;
	objects = {

/* Begin PBXBuildFile section */
		074734A41D86C3EC0005D58C /* HomePageViewController.swift in Sources */ = {isa = PBXBuildFile; fileRef = 074734A31D86C3EC0005D58C /* HomePageViewController.swift */; };
		074734AA1D86C5080005D58C /* SignViewController.swift in Sources */ = {isa = PBXBuildFile; fileRef = 074734A91D86C5080005D58C /* SignViewController.swift */; };
		4289AA9668495BCDD69083EB /* Pods_Signer.framework in Frameworks */ = {isa = PBXBuildFile; fileRef = FEB9F7DA29CDEF2318471B66 /* Pods_Signer.framework */; };
		AD08D8321D86A0DC007C7ECD /* String+extension.swift in Sources */ = {isa = PBXBuildFile; fileRef = AD08D82E1D86A0DC007C7ECD /* String+extension.swift */; };
		AD08D8331D86A0DC007C7ECD /* UIButton+countDown.m in Sources */ = {isa = PBXBuildFile; fileRef = AD08D8301D86A0DC007C7ECD /* UIButton+countDown.m */; };
		AD08D8341D86A0DC007C7ECD /* UIColor+extension.swift in Sources */ = {isa = PBXBuildFile; fileRef = AD08D8311D86A0DC007C7ECD /* UIColor+extension.swift */; };
		AD34AFA31DDC207F0085F21B /* LeftAvatarCell.swift in Sources */ = {isa = PBXBuildFile; fileRef = AD34AFA01DDC207F0085F21B /* LeftAvatarCell.swift */; };
		AD34AFA41DDC207F0085F21B /* MineLeftImageCell.swift in Sources */ = {isa = PBXBuildFile; fileRef = AD34AFA11DDC207F0085F21B /* MineLeftImageCell.swift */; };
		AD34AFA51DDC207F0085F21B /* MineViewController.swift in Sources */ = {isa = PBXBuildFile; fileRef = AD34AFA21DDC207F0085F21B /* MineViewController.swift */; };
		AD34AFA91DDC20870085F21B /* MineInfoCell.swift in Sources */ = {isa = PBXBuildFile; fileRef = AD34AFA61DDC20870085F21B /* MineInfoCell.swift */; };
		AD34AFAA1DDC20870085F21B /* MineInfoViewController.swift in Sources */ = {isa = PBXBuildFile; fileRef = AD34AFA71DDC20870085F21B /* MineInfoViewController.swift */; };
		AD34AFAB1DDC20870085F21B /* ModifyInformationViewController.swift in Sources */ = {isa = PBXBuildFile; fileRef = AD34AFA81DDC20870085F21B /* ModifyInformationViewController.swift */; };
		AD34AFAE1DDC208D0085F21B /* SettingCell.swift in Sources */ = {isa = PBXBuildFile; fileRef = AD34AFAC1DDC208D0085F21B /* SettingCell.swift */; };
		AD34AFAF1DDC208D0085F21B /* SettingViewController.swift in Sources */ = {isa = PBXBuildFile; fileRef = AD34AFAD1DDC208D0085F21B /* SettingViewController.swift */; };
		AD3B5C551D86A42000CEB9DE /* UnderlineTextField.xib in Resources */ = {isa = PBXBuildFile; fileRef = AD3B5C541D86A42000CEB9DE /* UnderlineTextField.xib */; };
		AD3B5C571D86A5CA00CEB9DE /* CountdownUnderlineTextField.xib in Resources */ = {isa = PBXBuildFile; fileRef = AD3B5C561D86A5CA00CEB9DE /* CountdownUnderlineTextField.xib */; };
		AD3D20F41DE804AA0017D19B /* MTBBarcodeScanner.m in Sources */ = {isa = PBXBuildFile; fileRef = AD3D20F31DE804A90017D19B /* MTBBarcodeScanner.m */; };
		AD3D20F61DE81B9C0017D19B /* CourseDetailViewController.swift in Sources */ = {isa = PBXBuildFile; fileRef = AD3D20F51DE81B9C0017D19B /* CourseDetailViewController.swift */; };
		AD3D20F91DE81DBF0017D19B /* SignRouter.swift in Sources */ = {isa = PBXBuildFile; fileRef = AD3D20F81DE81DBF0017D19B /* SignRouter.swift */; };
		AD3E73891D87A129005DE560 /* MainTabBarViewController.swift in Sources */ = {isa = PBXBuildFile; fileRef = AD3E73881D87A129005DE560 /* MainTabBarViewController.swift */; };
		AD3E73911D87AF1C005DE560 /* NoticeViewController.swift in Sources */ = {isa = PBXBuildFile; fileRef = AD3E73901D87AF1C005DE560 /* NoticeViewController.swift */; };
		AD45D9C21DD059E40031FF9E /* SignUpRouter.swift in Sources */ = {isa = PBXBuildFile; fileRef = AD45D9C11DD059E40031FF9E /* SignUpRouter.swift */; };
		AD582A801DD40F2900DA3C91 /* Student.swift in Sources */ = {isa = PBXBuildFile; fileRef = AD582A7F1DD40F2900DA3C91 /* Student.swift */; };
		AD5899831DE4276400A2F8AE /* AbstractActionSheetPicker.m in Sources */ = {isa = PBXBuildFile; fileRef = AD5899801DE4276400A2F8AE /* AbstractActionSheetPicker.m */; };
		AD5899841DE4276400A2F8AE /* ActionSheetStringPicker.m in Sources */ = {isa = PBXBuildFile; fileRef = AD5899821DE4276400A2F8AE /* ActionSheetStringPicker.m */; };
		AD5899871DE427B700A2F8AE /* SWActionSheet.m in Sources */ = {isa = PBXBuildFile; fileRef = AD5899861DE427B700A2F8AE /* SWActionSheet.m */; };
		AD5899891DE432C500A2F8AE /* ChangeAvatarViewController.swift in Sources */ = {isa = PBXBuildFile; fileRef = AD5899881DE432C500A2F8AE /* ChangeAvatarViewController.swift */; };
		AD58998B1DE433F500A2F8AE /* UIView+extension.swift in Sources */ = {isa = PBXBuildFile; fileRef = AD58998A1DE433F500A2F8AE /* UIView+extension.swift */; };
		AD58998D1DE43D5600A2F8AE /* PreviewAvatarViewController.swift in Sources */ = {isa = PBXBuildFile; fileRef = AD58998C1DE43D5600A2F8AE /* PreviewAvatarViewController.swift */; };
		AD63C2961DD1B5FF00BA1276 /* ChatRoomViewController.swift in Sources */ = {isa = PBXBuildFile; fileRef = AD63C2951DD1B5FF00BA1276 /* ChatRoomViewController.swift */; };
		AD63C2BE1DD1CF0A00BA1276 /* RSA.m in Sources */ = {isa = PBXBuildFile; fileRef = AD63C2BD1DD1CF0A00BA1276 /* RSA.m */; };
		AD771B771DD1712A0082BCB3 /* LoadingButton.xib in Resources */ = {isa = PBXBuildFile; fileRef = AD771B761DD1712A0082BCB3 /* LoadingButton.xib */; };
		AD771B791DD171410082BCB3 /* LoadingButton.swift in Sources */ = {isa = PBXBuildFile; fileRef = AD771B781DD171410082BCB3 /* LoadingButton.swift */; };
		ADA257DE1DE2E4A000470B07 /* MineAvatarCell.xib in Resources */ = {isa = PBXBuildFile; fileRef = ADA257DD1DE2E4A000470B07 /* MineAvatarCell.xib */; };
		ADA257E01DE2E4D000470B07 /* MineAvatarCell.swift in Sources */ = {isa = PBXBuildFile; fileRef = ADA257DF1DE2E4D000470B07 /* MineAvatarCell.swift */; };
		ADABF3AF1DD8498600226D86 /* StudentRouter.swift in Sources */ = {isa = PBXBuildFile; fileRef = ADABF3AE1DD8498600226D86 /* StudentRouter.swift */; };
		ADBB2D321DE57D8600F1A251 /* CALayer+extension.swift in Sources */ = {isa = PBXBuildFile; fileRef = ADBB2D311DE57D8600F1A251 /* CALayer+extension.swift */; };
		ADC806241DDC250A0006F0E5 /* MineInfoCell.xib in Resources */ = {isa = PBXBuildFile; fileRef = ADC806231DDC250A0006F0E5 /* MineInfoCell.xib */; };
		ADCCAC391DE6ABB600757525 /* Reachability.m in Sources */ = {isa = PBXBuildFile; fileRef = ADCCAC381DE6ABB600757525 /* Reachability.m */; };
		ADCCAC3B1DE6ABE700757525 /* SystemConfiguration.framework in Frameworks */ = {isa = PBXBuildFile; fileRef = ADCCAC3A1DE6ABE700757525 /* SystemConfiguration.framework */; };
		ADCCAC3D1DE6C25900757525 /* SignCourseView.xib in Resources */ = {isa = PBXBuildFile; fileRef = ADCCAC3C1DE6C25900757525 /* SignCourseView.xib */; };
		ADCCAC3F1DE6C29200757525 /* SignCourseView.swift in Sources */ = {isa = PBXBuildFile; fileRef = ADCCAC3E1DE6C29200757525 /* SignCourseView.swift */; };
		ADCCAC411DE6C64200757525 /* SignCourseCell.swift in Sources */ = {isa = PBXBuildFile; fileRef = ADCCAC401DE6C64200757525 /* SignCourseCell.swift */; };
		ADD87F201DE3E5060093A25F /* Reveal.framework in Frameworks */ = {isa = PBXBuildFile; fileRef = ADD87F1F1DE3E5060093A25F /* Reveal.framework */; };
		ADEF11DB1D869D99001F9C19 /* AppDelegate.swift in Sources */ = {isa = PBXBuildFile; fileRef = ADEF11DA1D869D99001F9C19 /* AppDelegate.swift */; };
		ADEF11E21D869D99001F9C19 /* Main.storyboard in Resources */ = {isa = PBXBuildFile; fileRef = ADEF11E01D869D99001F9C19 /* Main.storyboard */; };
		ADEF11E41D869D99001F9C19 /* Assets.xcassets in Resources */ = {isa = PBXBuildFile; fileRef = ADEF11E31D869D99001F9C19 /* Assets.xcassets */; };
		ADEF11E71D869D99001F9C19 /* LaunchScreen.storyboard in Resources */ = {isa = PBXBuildFile; fileRef = ADEF11E51D869D99001F9C19 /* LaunchScreen.storyboard */; };
		ADEF11F51D869EB0001F9C19 /* LogInViewController.swift in Sources */ = {isa = PBXBuildFile; fileRef = ADEF11F41D869EB0001F9C19 /* LogInViewController.swift */; };
		ADEF11F91D869EB6001F9C19 /* SignUpStep1ViewController.swift in Sources */ = {isa = PBXBuildFile; fileRef = ADEF11F61D869EB6001F9C19 /* SignUpStep1ViewController.swift */; };
		ADEF11FA1D869EB6001F9C19 /* SignUpStep2ViewController.swift in Sources */ = {isa = PBXBuildFile; fileRef = ADEF11F71D869EB6001F9C19 /* SignUpStep2ViewController.swift */; };
		ADEF11FB1D869EB6001F9C19 /* SignUpStep3ViewController.swift in Sources */ = {isa = PBXBuildFile; fileRef = ADEF11F81D869EB6001F9C19 /* SignUpStep3ViewController.swift */; };
		ADEF12061D869F51001F9C19 /* CountdownUnderlineTextField.swift in Sources */ = {isa = PBXBuildFile; fileRef = ADEF12041D869F51001F9C19 /* CountdownUnderlineTextField.swift */; };
		ADEF12091D869F6B001F9C19 /* Color.swift in Sources */ = {isa = PBXBuildFile; fileRef = ADEF12081D869F6B001F9C19 /* Color.swift */; };
		ADEF120C1D869F7A001F9C19 /* UnderlineTextField.swift in Sources */ = {isa = PBXBuildFile; fileRef = ADEF120A1D869F7A001F9C19 /* UnderlineTextField.swift */; };
		ADF238901DE92B7D00D68325 /* InputCodeViewController.swift in Sources */ = {isa = PBXBuildFile; fileRef = ADF2388F1DE92B7D00D68325 /* InputCodeViewController.swift */; };
		ADF238941DE9772100D68325 /* SignResultViewController.swift in Sources */ = {isa = PBXBuildFile; fileRef = ADF238931DE9772100D68325 /* SignResultViewController.swift */; };
/* End PBXBuildFile section */

/* Begin PBXFileReference section */
		074734A31D86C3EC0005D58C /* HomePageViewController.swift */ = {isa = PBXFileReference; fileEncoding = 4; lastKnownFileType = sourcecode.swift; path = HomePageViewController.swift; sourceTree = "<group>"; };
		074734A91D86C5080005D58C /* SignViewController.swift */ = {isa = PBXFileReference; fileEncoding = 4; lastKnownFileType = sourcecode.swift; path = SignViewController.swift; sourceTree = "<group>"; };
		1E75739C6BFEA729BD8CC755 /* Pods-Signer.debug.xcconfig */ = {isa = PBXFileReference; includeInIndex = 1; lastKnownFileType = text.xcconfig; name = "Pods-Signer.debug.xcconfig"; path = "Pods/Target Support Files/Pods-Signer/Pods-Signer.debug.xcconfig"; sourceTree = "<group>"; };
		AD08D82D1D86A0DB007C7ECD /* Signer-Bridging-Header.h */ = {isa = PBXFileReference; lastKnownFileType = sourcecode.c.h; name = "Signer-Bridging-Header.h"; path = "Extension/Signer-Bridging-Header.h"; sourceTree = "<group>"; };
		AD08D82E1D86A0DC007C7ECD /* String+extension.swift */ = {isa = PBXFileReference; fileEncoding = 4; lastKnownFileType = sourcecode.swift; path = "String+extension.swift"; sourceTree = "<group>"; };
		AD08D82F1D86A0DC007C7ECD /* UIButton+countDown.h */ = {isa = PBXFileReference; fileEncoding = 4; lastKnownFileType = sourcecode.c.h; path = "UIButton+countDown.h"; sourceTree = "<group>"; };
		AD08D8301D86A0DC007C7ECD /* UIButton+countDown.m */ = {isa = PBXFileReference; fileEncoding = 4; lastKnownFileType = sourcecode.c.objc; path = "UIButton+countDown.m"; sourceTree = "<group>"; };
		AD08D8311D86A0DC007C7ECD /* UIColor+extension.swift */ = {isa = PBXFileReference; fileEncoding = 4; lastKnownFileType = sourcecode.swift; path = "UIColor+extension.swift"; sourceTree = "<group>"; };
		AD34AFA01DDC207F0085F21B /* LeftAvatarCell.swift */ = {isa = PBXFileReference; fileEncoding = 4; lastKnownFileType = sourcecode.swift; path = LeftAvatarCell.swift; sourceTree = "<group>"; };
		AD34AFA11DDC207F0085F21B /* MineLeftImageCell.swift */ = {isa = PBXFileReference; fileEncoding = 4; lastKnownFileType = sourcecode.swift; path = MineLeftImageCell.swift; sourceTree = "<group>"; };
		AD34AFA21DDC207F0085F21B /* MineViewController.swift */ = {isa = PBXFileReference; fileEncoding = 4; lastKnownFileType = sourcecode.swift; path = MineViewController.swift; sourceTree = "<group>"; };
		AD34AFA61DDC20870085F21B /* MineInfoCell.swift */ = {isa = PBXFileReference; fileEncoding = 4; lastKnownFileType = sourcecode.swift; path = MineInfoCell.swift; sourceTree = "<group>"; };
		AD34AFA71DDC20870085F21B /* MineInfoViewController.swift */ = {isa = PBXFileReference; fileEncoding = 4; lastKnownFileType = sourcecode.swift; path = MineInfoViewController.swift; sourceTree = "<group>"; };
		AD34AFA81DDC20870085F21B /* ModifyInformationViewController.swift */ = {isa = PBXFileReference; fileEncoding = 4; lastKnownFileType = sourcecode.swift; path = ModifyInformationViewController.swift; sourceTree = "<group>"; };
		AD34AFAC1DDC208D0085F21B /* SettingCell.swift */ = {isa = PBXFileReference; fileEncoding = 4; lastKnownFileType = sourcecode.swift; path = SettingCell.swift; sourceTree = "<group>"; };
		AD34AFAD1DDC208D0085F21B /* SettingViewController.swift */ = {isa = PBXFileReference; fileEncoding = 4; lastKnownFileType = sourcecode.swift; path = SettingViewController.swift; sourceTree = "<group>"; };
		AD3B5C541D86A42000CEB9DE /* UnderlineTextField.xib */ = {isa = PBXFileReference; fileEncoding = 4; lastKnownFileType = file.xib; path = UnderlineTextField.xib; sourceTree = "<group>"; };
		AD3B5C561D86A5CA00CEB9DE /* CountdownUnderlineTextField.xib */ = {isa = PBXFileReference; fileEncoding = 4; lastKnownFileType = file.xib; path = CountdownUnderlineTextField.xib; sourceTree = "<group>"; };
		AD3D20F21DE804A90017D19B /* MTBBarcodeScanner.h */ = {isa = PBXFileReference; fileEncoding = 4; lastKnownFileType = sourcecode.c.h; path = MTBBarcodeScanner.h; sourceTree = "<group>"; };
		AD3D20F31DE804A90017D19B /* MTBBarcodeScanner.m */ = {isa = PBXFileReference; fileEncoding = 4; lastKnownFileType = sourcecode.c.objc; path = MTBBarcodeScanner.m; sourceTree = "<group>"; };
		AD3D20F51DE81B9C0017D19B /* CourseDetailViewController.swift */ = {isa = PBXFileReference; fileEncoding = 4; lastKnownFileType = sourcecode.swift; path = CourseDetailViewController.swift; sourceTree = "<group>"; };
		AD3D20F81DE81DBF0017D19B /* SignRouter.swift */ = {isa = PBXFileReference; fileEncoding = 4; lastKnownFileType = sourcecode.swift; path = SignRouter.swift; sourceTree = "<group>"; };
		AD3E73881D87A129005DE560 /* MainTabBarViewController.swift */ = {isa = PBXFileReference; fileEncoding = 4; lastKnownFileType = sourcecode.swift; path = MainTabBarViewController.swift; sourceTree = "<group>"; };
		AD3E73901D87AF1C005DE560 /* NoticeViewController.swift */ = {isa = PBXFileReference; fileEncoding = 4; lastKnownFileType = sourcecode.swift; path = NoticeViewController.swift; sourceTree = "<group>"; };
		AD45D9C11DD059E40031FF9E /* SignUpRouter.swift */ = {isa = PBXFileReference; fileEncoding = 4; lastKnownFileType = sourcecode.swift; path = SignUpRouter.swift; sourceTree = "<group>"; };
		AD582A7F1DD40F2900DA3C91 /* Student.swift */ = {isa = PBXFileReference; fileEncoding = 4; lastKnownFileType = sourcecode.swift; path = Student.swift; sourceTree = "<group>"; };
		AD58997F1DE4276400A2F8AE /* AbstractActionSheetPicker.h */ = {isa = PBXFileReference; fileEncoding = 4; lastKnownFileType = sourcecode.c.h; path = AbstractActionSheetPicker.h; sourceTree = "<group>"; };
		AD5899801DE4276400A2F8AE /* AbstractActionSheetPicker.m */ = {isa = PBXFileReference; fileEncoding = 4; lastKnownFileType = sourcecode.c.objc; path = AbstractActionSheetPicker.m; sourceTree = "<group>"; };
		AD5899811DE4276400A2F8AE /* ActionSheetStringPicker.h */ = {isa = PBXFileReference; fileEncoding = 4; lastKnownFileType = sourcecode.c.h; path = ActionSheetStringPicker.h; sourceTree = "<group>"; };
		AD5899821DE4276400A2F8AE /* ActionSheetStringPicker.m */ = {isa = PBXFileReference; fileEncoding = 4; lastKnownFileType = sourcecode.c.objc; path = ActionSheetStringPicker.m; sourceTree = "<group>"; };
		AD5899851DE427B700A2F8AE /* SWActionSheet.h */ = {isa = PBXFileReference; fileEncoding = 4; lastKnownFileType = sourcecode.c.h; path = SWActionSheet.h; sourceTree = "<group>"; };
		AD5899861DE427B700A2F8AE /* SWActionSheet.m */ = {isa = PBXFileReference; fileEncoding = 4; lastKnownFileType = sourcecode.c.objc; path = SWActionSheet.m; sourceTree = "<group>"; };
		AD5899881DE432C500A2F8AE /* ChangeAvatarViewController.swift */ = {isa = PBXFileReference; fileEncoding = 4; lastKnownFileType = sourcecode.swift; path = ChangeAvatarViewController.swift; sourceTree = "<group>"; };
		AD58998A1DE433F500A2F8AE /* UIView+extension.swift */ = {isa = PBXFileReference; fileEncoding = 4; lastKnownFileType = sourcecode.swift; path = "UIView+extension.swift"; sourceTree = "<group>"; };
		AD58998C1DE43D5600A2F8AE /* PreviewAvatarViewController.swift */ = {isa = PBXFileReference; fileEncoding = 4; lastKnownFileType = sourcecode.swift; path = PreviewAvatarViewController.swift; sourceTree = "<group>"; };
		AD63C2951DD1B5FF00BA1276 /* ChatRoomViewController.swift */ = {isa = PBXFileReference; fileEncoding = 4; lastKnownFileType = sourcecode.swift; path = ChatRoomViewController.swift; sourceTree = "<group>"; };
		AD63C2BC1DD1CF0A00BA1276 /* RSA.h */ = {isa = PBXFileReference; fileEncoding = 4; lastKnownFileType = sourcecode.c.h; path = RSA.h; sourceTree = "<group>"; };
		AD63C2BD1DD1CF0A00BA1276 /* RSA.m */ = {isa = PBXFileReference; fileEncoding = 4; lastKnownFileType = sourcecode.c.objc; path = RSA.m; sourceTree = "<group>"; };
		AD63C2C21DD1D30700BA1276 /* 华师小签.entitlements */ = {isa = PBXFileReference; lastKnownFileType = text.plist.entitlements; path = "华师小签.entitlements"; sourceTree = "<group>"; };
		AD771B761DD1712A0082BCB3 /* LoadingButton.xib */ = {isa = PBXFileReference; fileEncoding = 4; lastKnownFileType = file.xib; path = LoadingButton.xib; sourceTree = "<group>"; };
		AD771B781DD171410082BCB3 /* LoadingButton.swift */ = {isa = PBXFileReference; fileEncoding = 4; lastKnownFileType = sourcecode.swift; path = LoadingButton.swift; sourceTree = "<group>"; };
		ADA257DD1DE2E4A000470B07 /* MineAvatarCell.xib */ = {isa = PBXFileReference; fileEncoding = 4; lastKnownFileType = file.xib; path = MineAvatarCell.xib; sourceTree = "<group>"; };
		ADA257DF1DE2E4D000470B07 /* MineAvatarCell.swift */ = {isa = PBXFileReference; fileEncoding = 4; lastKnownFileType = sourcecode.swift; path = MineAvatarCell.swift; sourceTree = "<group>"; };
		ADABF3AE1DD8498600226D86 /* StudentRouter.swift */ = {isa = PBXFileReference; fileEncoding = 4; lastKnownFileType = sourcecode.swift; path = StudentRouter.swift; sourceTree = "<group>"; };
		ADBB2D311DE57D8600F1A251 /* CALayer+extension.swift */ = {isa = PBXFileReference; fileEncoding = 4; lastKnownFileType = sourcecode.swift; path = "CALayer+extension.swift"; sourceTree = "<group>"; };
		ADC806231DDC250A0006F0E5 /* MineInfoCell.xib */ = {isa = PBXFileReference; fileEncoding = 4; lastKnownFileType = file.xib; path = MineInfoCell.xib; sourceTree = "<group>"; };
		ADCCAC371DE6ABB600757525 /* Reachability.h */ = {isa = PBXFileReference; fileEncoding = 4; lastKnownFileType = sourcecode.c.h; path = Reachability.h; sourceTree = "<group>"; };
		ADCCAC381DE6ABB600757525 /* Reachability.m */ = {isa = PBXFileReference; fileEncoding = 4; lastKnownFileType = sourcecode.c.objc; path = Reachability.m; sourceTree = "<group>"; };
		ADCCAC3A1DE6ABE700757525 /* SystemConfiguration.framework */ = {isa = PBXFileReference; lastKnownFileType = wrapper.framework; name = SystemConfiguration.framework; path = System/Library/Frameworks/SystemConfiguration.framework; sourceTree = SDKROOT; };
		ADCCAC3C1DE6C25900757525 /* SignCourseView.xib */ = {isa = PBXFileReference; fileEncoding = 4; lastKnownFileType = file.xib; path = SignCourseView.xib; sourceTree = "<group>"; };
		ADCCAC3E1DE6C29200757525 /* SignCourseView.swift */ = {isa = PBXFileReference; fileEncoding = 4; lastKnownFileType = sourcecode.swift; path = SignCourseView.swift; sourceTree = "<group>"; };
		ADCCAC401DE6C64200757525 /* SignCourseCell.swift */ = {isa = PBXFileReference; fileEncoding = 4; lastKnownFileType = sourcecode.swift; path = SignCourseCell.swift; sourceTree = "<group>"; };
		ADD87F1F1DE3E5060093A25F /* Reveal.framework */ = {isa = PBXFileReference; lastKnownFileType = wrapper.framework; path = Reveal.framework; sourceTree = "<group>"; };
		ADEF11D71D869D99001F9C19 /* 华师小签.app */ = {isa = PBXFileReference; explicitFileType = wrapper.application; includeInIndex = 0; path = "华师小签.app"; sourceTree = BUILT_PRODUCTS_DIR; };
		ADEF11DA1D869D99001F9C19 /* AppDelegate.swift */ = {isa = PBXFileReference; lastKnownFileType = sourcecode.swift; path = AppDelegate.swift; sourceTree = "<group>"; };
		ADEF11E11D869D99001F9C19 /* Base */ = {isa = PBXFileReference; lastKnownFileType = file.storyboard; name = Base; path = Base.lproj/Main.storyboard; sourceTree = "<group>"; };
		ADEF11E31D869D99001F9C19 /* Assets.xcassets */ = {isa = PBXFileReference; lastKnownFileType = folder.assetcatalog; path = Assets.xcassets; sourceTree = "<group>"; };
		ADEF11E61D869D99001F9C19 /* Base */ = {isa = PBXFileReference; lastKnownFileType = file.storyboard; name = Base; path = Base.lproj/LaunchScreen.storyboard; sourceTree = "<group>"; };
		ADEF11E81D869D99001F9C19 /* Info.plist */ = {isa = PBXFileReference; lastKnownFileType = text.plist.xml; path = Info.plist; sourceTree = "<group>"; };
		ADEF11F41D869EB0001F9C19 /* LogInViewController.swift */ = {isa = PBXFileReference; fileEncoding = 4; lastKnownFileType = sourcecode.swift; path = LogInViewController.swift; sourceTree = "<group>"; };
		ADEF11F61D869EB6001F9C19 /* SignUpStep1ViewController.swift */ = {isa = PBXFileReference; fileEncoding = 4; lastKnownFileType = sourcecode.swift; path = SignUpStep1ViewController.swift; sourceTree = "<group>"; };
		ADEF11F71D869EB6001F9C19 /* SignUpStep2ViewController.swift */ = {isa = PBXFileReference; fileEncoding = 4; lastKnownFileType = sourcecode.swift; path = SignUpStep2ViewController.swift; sourceTree = "<group>"; };
		ADEF11F81D869EB6001F9C19 /* SignUpStep3ViewController.swift */ = {isa = PBXFileReference; fileEncoding = 4; lastKnownFileType = sourcecode.swift; path = SignUpStep3ViewController.swift; sourceTree = "<group>"; };
		ADEF12041D869F51001F9C19 /* CountdownUnderlineTextField.swift */ = {isa = PBXFileReference; fileEncoding = 4; lastKnownFileType = sourcecode.swift; path = CountdownUnderlineTextField.swift; sourceTree = "<group>"; };
		ADEF12081D869F6B001F9C19 /* Color.swift */ = {isa = PBXFileReference; fileEncoding = 4; lastKnownFileType = sourcecode.swift; name = Color.swift; path = Signer/Util/Color.swift; sourceTree = SOURCE_ROOT; };
		ADEF120A1D869F7A001F9C19 /* UnderlineTextField.swift */ = {isa = PBXFileReference; fileEncoding = 4; lastKnownFileType = sourcecode.swift; path = UnderlineTextField.swift; sourceTree = "<group>"; };
		ADF2388F1DE92B7D00D68325 /* InputCodeViewController.swift */ = {isa = PBXFileReference; fileEncoding = 4; lastKnownFileType = sourcecode.swift; path = InputCodeViewController.swift; sourceTree = "<group>"; };
		ADF238931DE9772100D68325 /* SignResultViewController.swift */ = {isa = PBXFileReference; fileEncoding = 4; lastKnownFileType = sourcecode.swift; path = SignResultViewController.swift; sourceTree = "<group>"; };
		E3FE7DD29BC925ECFB90D625 /* Pods-Signer.release.xcconfig */ = {isa = PBXFileReference; includeInIndex = 1; lastKnownFileType = text.xcconfig; name = "Pods-Signer.release.xcconfig"; path = "Pods/Target Support Files/Pods-Signer/Pods-Signer.release.xcconfig"; sourceTree = "<group>"; };
		FEB9F7DA29CDEF2318471B66 /* Pods_Signer.framework */ = {isa = PBXFileReference; explicitFileType = wrapper.framework; includeInIndex = 0; path = Pods_Signer.framework; sourceTree = BUILT_PRODUCTS_DIR; };
/* End PBXFileReference section */

/* Begin PBXFrameworksBuildPhase section */
		ADEF11D41D869D99001F9C19 /* Frameworks */ = {
			isa = PBXFrameworksBuildPhase;
			buildActionMask = 2147483647;
			files = (
				ADCCAC3B1DE6ABE700757525 /* SystemConfiguration.framework in Frameworks */,
				4289AA9668495BCDD69083EB /* Pods_Signer.framework in Frameworks */,
				ADD87F201DE3E5060093A25F /* Reveal.framework in Frameworks */,
			);
			runOnlyForDeploymentPostprocessing = 0;
		};
/* End PBXFrameworksBuildPhase section */

/* Begin PBXGroup section */
		0747349D1D86C3850005D58C /* HomePage */ = {
			isa = PBXGroup;
			children = (
				074734A01D86C3B00005D58C /* View */,
			);
			path = HomePage;
			sourceTree = "<group>";
		};
		0747349E1D86C3920005D58C /* Sign */ = {
			isa = PBXGroup;
			children = (
				AD3D20F71DE81D880017D19B /* Model */,
				074734A51D86C3FF0005D58C /* View */,
			);
			path = Sign;
			sourceTree = "<group>";
		};
		0747349F1D86C3A00005D58C /* Mine */ = {
			isa = PBXGroup;
			children = (
				AD34AF9A1DDC1F580085F21B /* Mine */,
				AD34AF9B1DDC1F6D0085F21B /* MineInfo */,
				AD34AF9C1DDC1FA10085F21B /* Setting */,
			);
			path = Mine;
			sourceTree = "<group>";
		};
		074734A01D86C3B00005D58C /* View */ = {
			isa = PBXGroup;
			children = (
				ADCCAC3C1DE6C25900757525 /* SignCourseView.xib */,
				ADCCAC3E1DE6C29200757525 /* SignCourseView.swift */,
				ADCCAC401DE6C64200757525 /* SignCourseCell.swift */,
				074734A31D86C3EC0005D58C /* HomePageViewController.swift */,
			);
			path = View;
			sourceTree = "<group>";
		};
		074734A51D86C3FF0005D58C /* View */ = {
			isa = PBXGroup;
			children = (
				074734A91D86C5080005D58C /* SignViewController.swift */,
				ADF2388F1DE92B7D00D68325 /* InputCodeViewController.swift */,
				AD3D20F51DE81B9C0017D19B /* CourseDetailViewController.swift */,
				ADF238931DE9772100D68325 /* SignResultViewController.swift */,
			);
			path = View;
			sourceTree = "<group>";
		};
		2EC3B7D8ABD1F07926DF1845 /* Pods */ = {
			isa = PBXGroup;
			children = (
				1E75739C6BFEA729BD8CC755 /* Pods-Signer.debug.xcconfig */,
				E3FE7DD29BC925ECFB90D625 /* Pods-Signer.release.xcconfig */,
			);
			name = Pods;
			sourceTree = "<group>";
		};
		63BB714A2E03054C3FE51A59 /* Frameworks */ = {
			isa = PBXGroup;
			children = (
				ADCCAC3A1DE6ABE700757525 /* SystemConfiguration.framework */,
				ADD87F1F1DE3E5060093A25F /* Reveal.framework */,
				FEB9F7DA29CDEF2318471B66 /* Pods_Signer.framework */,
			);
			name = Frameworks;
			sourceTree = "<group>";
		};
		AD34AF9A1DDC1F580085F21B /* Mine */ = {
			isa = PBXGroup;
			children = (
				AD34AF9D1DDC1FB30085F21B /* View */,
			);
			path = Mine;
			sourceTree = "<group>";
		};
		AD34AF9B1DDC1F6D0085F21B /* MineInfo */ = {
			isa = PBXGroup;
			children = (
				AD34AF9E1DDC20540085F21B /* View */,
			);
			path = MineInfo;
			sourceTree = "<group>";
		};
		AD34AF9C1DDC1FA10085F21B /* Setting */ = {
			isa = PBXGroup;
			children = (
				AD34AF9F1DDC205A0085F21B /* View */,
			);
			path = Setting;
			sourceTree = "<group>";
		};
		AD34AF9D1DDC1FB30085F21B /* View */ = {
			isa = PBXGroup;
			children = (
				AD34AFA01DDC207F0085F21B /* LeftAvatarCell.swift */,
				AD34AFA11DDC207F0085F21B /* MineLeftImageCell.swift */,
				AD34AFA21DDC207F0085F21B /* MineViewController.swift */,
			);
			path = View;
			sourceTree = "<group>";
		};
		AD34AF9E1DDC20540085F21B /* View */ = {
			isa = PBXGroup;
			children = (
				ADA257DD1DE2E4A000470B07 /* MineAvatarCell.xib */,
				ADA257DF1DE2E4D000470B07 /* MineAvatarCell.swift */,
				ADC806231DDC250A0006F0E5 /* MineInfoCell.xib */,
				AD34AFA61DDC20870085F21B /* MineInfoCell.swift */,
				AD34AFA71DDC20870085F21B /* MineInfoViewController.swift */,
				AD34AFA81DDC20870085F21B /* ModifyInformationViewController.swift */,
				AD5899881DE432C500A2F8AE /* ChangeAvatarViewController.swift */,
				AD58998C1DE43D5600A2F8AE /* PreviewAvatarViewController.swift */,
			);
			path = View;
			sourceTree = "<group>";
		};
		AD34AF9F1DDC205A0085F21B /* View */ = {
			isa = PBXGroup;
			children = (
				AD34AFAC1DDC208D0085F21B /* SettingCell.swift */,
				AD34AFAD1DDC208D0085F21B /* SettingViewController.swift */,
			);
			path = View;
			sourceTree = "<group>";
		};
		AD3D20F11DE804890017D19B /* QRCodeScanners */ = {
			isa = PBXGroup;
			children = (
				AD3D20F21DE804A90017D19B /* MTBBarcodeScanner.h */,
				AD3D20F31DE804A90017D19B /* MTBBarcodeScanner.m */,
			);
			path = QRCodeScanners;
			sourceTree = "<group>";
		};
		AD3D20F71DE81D880017D19B /* Model */ = {
			isa = PBXGroup;
			children = (
				AD3D20F81DE81DBF0017D19B /* SignRouter.swift */,
			);
			path = Model;
			sourceTree = "<group>";
		};
		AD3E738C1D87AEA7005DE560 /* Notice */ = {
			isa = PBXGroup;
			children = (
				AD3E738D1D87AEAE005DE560 /* View */,
			);
			path = Notice;
			sourceTree = "<group>";
		};
		AD3E738D1D87AEAE005DE560 /* View */ = {
			isa = PBXGroup;
			children = (
				AD3E73901D87AF1C005DE560 /* NoticeViewController.swift */,
			);
			path = View;
			sourceTree = "<group>";
		};
		AD45D9C01DD04D0F0031FF9E /* Model */ = {
			isa = PBXGroup;
			children = (
				AD45D9C11DD059E40031FF9E /* SignUpRouter.swift */,
				AD582A7F1DD40F2900DA3C91 /* Student.swift */,
				ADABF3AE1DD8498600226D86 /* StudentRouter.swift */,
			);
			path = Model;
			sourceTree = "<group>";
		};
		AD58997E1DE4274800A2F8AE /* ActionSheetPicker */ = {
			isa = PBXGroup;
			children = (
				AD5899851DE427B700A2F8AE /* SWActionSheet.h */,
				AD5899861DE427B700A2F8AE /* SWActionSheet.m */,
				AD58997F1DE4276400A2F8AE /* AbstractActionSheetPicker.h */,
				AD5899801DE4276400A2F8AE /* AbstractActionSheetPicker.m */,
				AD5899811DE4276400A2F8AE /* ActionSheetStringPicker.h */,
				AD5899821DE4276400A2F8AE /* ActionSheetStringPicker.m */,
			);
			path = ActionSheetPicker;
			sourceTree = "<group>";
		};
		AD63C2931DD1B5D000BA1276 /* ChatRoom */ = {
			isa = PBXGroup;
			children = (
				AD63C2941DD1B5E100BA1276 /* View */,
			);
			path = ChatRoom;
			sourceTree = "<group>";
		};
		AD63C2941DD1B5E100BA1276 /* View */ = {
			isa = PBXGroup;
			children = (
				AD63C2951DD1B5FF00BA1276 /* ChatRoomViewController.swift */,
			);
			path = View;
			sourceTree = "<group>";
		};
		AD63C2BB1DD1CEE100BA1276 /* RSA */ = {
			isa = PBXGroup;
			children = (
				AD63C2BC1DD1CF0A00BA1276 /* RSA.h */,
				AD63C2BD1DD1CF0A00BA1276 /* RSA.m */,
			);
			path = RSA;
			sourceTree = "<group>";
		};
		AD771B751DD170FB0082BCB3 /* LoadingButton */ = {
			isa = PBXGroup;
			children = (
				AD771B761DD1712A0082BCB3 /* LoadingButton.xib */,
				AD771B781DD171410082BCB3 /* LoadingButton.swift */,
			);
			path = LoadingButton;
			sourceTree = "<group>";
		};
		ADCCAC361DE6AB9B00757525 /* Reachability */ = {
			isa = PBXGroup;
			children = (
				ADCCAC371DE6ABB600757525 /* Reachability.h */,
				ADCCAC381DE6ABB600757525 /* Reachability.m */,
			);
			path = Reachability;
			sourceTree = "<group>";
		};
		ADEF11CE1D869D99001F9C19 = {
			isa = PBXGroup;
			children = (
				ADEF11D91D869D99001F9C19 /* Signer */,
				ADEF11D81D869D99001F9C19 /* Products */,
				2EC3B7D8ABD1F07926DF1845 /* Pods */,
				63BB714A2E03054C3FE51A59 /* Frameworks */,
			);
			sourceTree = "<group>";
		};
		ADEF11D81D869D99001F9C19 /* Products */ = {
			isa = PBXGroup;
			children = (
				ADEF11D71D869D99001F9C19 /* 华师小签.app */,
			);
			name = Products;
			sourceTree = "<group>";
		};
		ADEF11D91D869D99001F9C19 /* Signer */ = {
			isa = PBXGroup;
			children = (
				AD63C2C21DD1D30700BA1276 /* 华师小签.entitlements */,
				ADEF11DA1D869D99001F9C19 /* AppDelegate.swift */,
				ADEF11E01D869D99001F9C19 /* Main.storyboard */,
				AD3E73881D87A129005DE560 /* MainTabBarViewController.swift */,
				ADEF11EE1D869DDF001F9C19 /* LogIn */,
				0747349D1D86C3850005D58C /* HomePage */,
				AD63C2931DD1B5D000BA1276 /* ChatRoom */,
				0747349E1D86C3920005D58C /* Sign */,
				AD3E738C1D87AEA7005DE560 /* Notice */,
				0747349F1D86C3A00005D58C /* Mine */,
				ADEF11F31D869E4A001F9C19 /* Util */,
				ADEF11F21D869E43001F9C19 /* Other */,
			);
			path = Signer;
			sourceTree = "<group>";
		};
		ADEF11EE1D869DDF001F9C19 /* LogIn */ = {
			isa = PBXGroup;
			children = (
				AD45D9C01DD04D0F0031FF9E /* Model */,
				ADEF11EF1D869DF5001F9C19 /* View */,
			);
			path = LogIn;
			sourceTree = "<group>";
		};
		ADEF11EF1D869DF5001F9C19 /* View */ = {
			isa = PBXGroup;
			children = (
				ADEF11F11D869E12001F9C19 /* LogIn */,
				ADEF11F01D869E01001F9C19 /* SignUp */,
			);
			path = View;
			sourceTree = "<group>";
		};
		ADEF11F01D869E01001F9C19 /* SignUp */ = {
			isa = PBXGroup;
			children = (
				ADEF11F61D869EB6001F9C19 /* SignUpStep1ViewController.swift */,
				ADEF11F71D869EB6001F9C19 /* SignUpStep2ViewController.swift */,
				ADEF11F81D869EB6001F9C19 /* SignUpStep3ViewController.swift */,
			);
			path = SignUp;
			sourceTree = "<group>";
		};
		ADEF11F11D869E12001F9C19 /* LogIn */ = {
			isa = PBXGroup;
			children = (
				ADEF11F41D869EB0001F9C19 /* LogInViewController.swift */,
			);
			path = LogIn;
			sourceTree = "<group>";
		};
		ADEF11F21D869E43001F9C19 /* Other */ = {
			isa = PBXGroup;
			children = (
				ADEF11E31D869D99001F9C19 /* Assets.xcassets */,
				ADEF11E51D869D99001F9C19 /* LaunchScreen.storyboard */,
				ADEF11E81D869D99001F9C19 /* Info.plist */,
			);
			name = Other;
			sourceTree = "<group>";
		};
		ADEF11F31D869E4A001F9C19 /* Util */ = {
			isa = PBXGroup;
			children = (
				AD3D20F11DE804890017D19B /* QRCodeScanners */,
				ADCCAC361DE6AB9B00757525 /* Reachability */,
				ADEF11FD1D869ECB001F9C19 /* CustomView */,
				ADEF11FC1D869EC3001F9C19 /* Extension */,
				AD63C2BB1DD1CEE100BA1276 /* RSA */,
				ADEF12081D869F6B001F9C19 /* Color.swift */,
				AD08D82D1D86A0DB007C7ECD /* Signer-Bridging-Header.h */,
			);
			path = Util;
			sourceTree = "<group>";
		};
		ADEF11FC1D869EC3001F9C19 /* Extension */ = {
			isa = PBXGroup;
			children = (
				AD08D82F1D86A0DC007C7ECD /* UIButton+countDown.h */,
				AD08D8301D86A0DC007C7ECD /* UIButton+countDown.m */,
				AD08D82E1D86A0DC007C7ECD /* String+extension.swift */,
				AD08D8311D86A0DC007C7ECD /* UIColor+extension.swift */,
				AD58998A1DE433F500A2F8AE /* UIView+extension.swift */,
				ADBB2D311DE57D8600F1A251 /* CALayer+extension.swift */,
			);
			path = Extension;
			sourceTree = "<group>";
		};
		ADEF11FD1D869ECB001F9C19 /* CustomView */ = {
			isa = PBXGroup;
			children = (
				AD58997E1DE4274800A2F8AE /* ActionSheetPicker */,
				AD771B751DD170FB0082BCB3 /* LoadingButton */,
				ADEF12031D869F31001F9C19 /* CountdownUnderlineTextField */,
				ADEF11FE1D869EF0001F9C19 /* UnderlineTextField */,
			);
			path = CustomView;
			sourceTree = "<group>";
		};
		ADEF11FE1D869EF0001F9C19 /* UnderlineTextField */ = {
			isa = PBXGroup;
			children = (
				AD3B5C541D86A42000CEB9DE /* UnderlineTextField.xib */,
				ADEF120A1D869F7A001F9C19 /* UnderlineTextField.swift */,
			);
			path = UnderlineTextField;
			sourceTree = "<group>";
		};
		ADEF12031D869F31001F9C19 /* CountdownUnderlineTextField */ = {
			isa = PBXGroup;
			children = (
				AD3B5C561D86A5CA00CEB9DE /* CountdownUnderlineTextField.xib */,
				ADEF12041D869F51001F9C19 /* CountdownUnderlineTextField.swift */,
			);
			path = CountdownUnderlineTextField;
			sourceTree = "<group>";
		};
/* End PBXGroup section */

/* Begin PBXNativeTarget section */
		ADEF11D61D869D99001F9C19 /* Signer */ = {
			isa = PBXNativeTarget;
			buildConfigurationList = ADEF11EB1D869D99001F9C19 /* Build configuration list for PBXNativeTarget "Signer" */;
			buildPhases = (
				B3C5B1BB69F4EBB58DB36FB5 /* [CP] Check Pods Manifest.lock */,
				ADEF11D31D869D99001F9C19 /* Sources */,
				ADEF11D41D869D99001F9C19 /* Frameworks */,
				ADEF11D51D869D99001F9C19 /* Resources */,
				08EAC047D49B8F80F2F9DBFA /* [CP] Embed Pods Frameworks */,
				0AABE7D195A75CD51BCAFB69 /* [CP] Copy Pods Resources */,
			);
			buildRules = (
			);
			dependencies = (
			);
			name = Signer;
			productName = Signer;
			productReference = ADEF11D71D869D99001F9C19 /* 华师小签.app */;
			productType = "com.apple.product-type.application";
		};
/* End PBXNativeTarget section */

/* Begin PBXProject section */
		ADEF11CF1D869D99001F9C19 /* Project object */ = {
			isa = PBXProject;
			attributes = {
				LastSwiftUpdateCheck = 0730;
				LastUpgradeCheck = 0810;
				ORGANIZATIONNAME = Vernon;
				TargetAttributes = {
					ADEF11D61D869D99001F9C19 = {
						CreatedOnToolsVersion = 7.3;
						DevelopmentTeam = R6964LXMCM;
						LastSwiftMigration = 0810;
						SystemCapabilities = {
							com.apple.Keychain = {
								enabled = 1;
							};
						};
					};
				};
			};
			buildConfigurationList = ADEF11D21D869D99001F9C19 /* Build configuration list for PBXProject "Signer" */;
			compatibilityVersion = "Xcode 3.2";
			developmentRegion = English;
			hasScannedForEncodings = 0;
			knownRegions = (
				en,
				Base,
			);
			mainGroup = ADEF11CE1D869D99001F9C19;
			productRefGroup = ADEF11D81D869D99001F9C19 /* Products */;
			projectDirPath = "";
			projectRoot = "";
			targets = (
				ADEF11D61D869D99001F9C19 /* Signer */,
			);
		};
/* End PBXProject section */

/* Begin PBXResourcesBuildPhase section */
		ADEF11D51D869D99001F9C19 /* Resources */ = {
			isa = PBXResourcesBuildPhase;
			buildActionMask = 2147483647;
			files = (
				ADC806241DDC250A0006F0E5 /* MineInfoCell.xib in Resources */,
				AD3B5C571D86A5CA00CEB9DE /* CountdownUnderlineTextField.xib in Resources */,
				ADEF11E71D869D99001F9C19 /* LaunchScreen.storyboard in Resources */,
				ADA257DE1DE2E4A000470B07 /* MineAvatarCell.xib in Resources */,
				ADEF11E41D869D99001F9C19 /* Assets.xcassets in Resources */,
				AD3B5C551D86A42000CEB9DE /* UnderlineTextField.xib in Resources */,
				AD771B771DD1712A0082BCB3 /* LoadingButton.xib in Resources */,
				ADCCAC3D1DE6C25900757525 /* SignCourseView.xib in Resources */,
				ADEF11E21D869D99001F9C19 /* Main.storyboard in Resources */,
			);
			runOnlyForDeploymentPostprocessing = 0;
		};
/* End PBXResourcesBuildPhase section */

/* Begin PBXShellScriptBuildPhase section */
		08EAC047D49B8F80F2F9DBFA /* [CP] Embed Pods Frameworks */ = {
			isa = PBXShellScriptBuildPhase;
			buildActionMask = 2147483647;
			files = (
			);
			inputPaths = (
			);
			name = "[CP] Embed Pods Frameworks";
			outputPaths = (
			);
			runOnlyForDeploymentPostprocessing = 0;
			shellPath = /bin/sh;
			shellScript = "\"${SRCROOT}/Pods/Target Support Files/Pods-Signer/Pods-Signer-frameworks.sh\"\n";
			showEnvVarsInLog = 0;
		};
		0AABE7D195A75CD51BCAFB69 /* [CP] Copy Pods Resources */ = {
			isa = PBXShellScriptBuildPhase;
			buildActionMask = 2147483647;
			files = (
			);
			inputPaths = (
			);
			name = "[CP] Copy Pods Resources";
			outputPaths = (
			);
			runOnlyForDeploymentPostprocessing = 0;
			shellPath = /bin/sh;
			shellScript = "\"${SRCROOT}/Pods/Target Support Files/Pods-Signer/Pods-Signer-resources.sh\"\n";
			showEnvVarsInLog = 0;
		};
		B3C5B1BB69F4EBB58DB36FB5 /* [CP] Check Pods Manifest.lock */ = {
			isa = PBXShellScriptBuildPhase;
			buildActionMask = 2147483647;
			files = (
			);
			inputPaths = (
			);
			name = "[CP] Check Pods Manifest.lock";
			outputPaths = (
			);
			runOnlyForDeploymentPostprocessing = 0;
			shellPath = /bin/sh;
			shellScript = "diff \"${PODS_ROOT}/../Podfile.lock\" \"${PODS_ROOT}/Manifest.lock\" > /dev/null\nif [ $? != 0 ] ; then\n    # print error to STDERR\n    echo \"error: The sandbox is not in sync with the Podfile.lock. Run 'pod install' or update your CocoaPods installation.\" >&2\n    exit 1\nfi\n";
			showEnvVarsInLog = 0;
		};
/* End PBXShellScriptBuildPhase section */

/* Begin PBXSourcesBuildPhase section */
		ADEF11D31D869D99001F9C19 /* Sources */ = {
			isa = PBXSourcesBuildPhase;
			buildActionMask = 2147483647;
			files = (
				AD5899841DE4276400A2F8AE /* ActionSheetStringPicker.m in Sources */,
				ADCCAC411DE6C64200757525 /* SignCourseCell.swift in Sources */,
				AD34AFAF1DDC208D0085F21B /* SettingViewController.swift in Sources */,
				AD5899871DE427B700A2F8AE /* SWActionSheet.m in Sources */,
				AD771B791DD171410082BCB3 /* LoadingButton.swift in Sources */,
				AD3E73891D87A129005DE560 /* MainTabBarViewController.swift in Sources */,
				ADEF11F51D869EB0001F9C19 /* LogInViewController.swift in Sources */,
				AD34AFAA1DDC20870085F21B /* MineInfoViewController.swift in Sources */,
				AD08D8331D86A0DC007C7ECD /* UIButton+countDown.m in Sources */,
				AD582A801DD40F2900DA3C91 /* Student.swift in Sources */,
				AD34AFA31DDC207F0085F21B /* LeftAvatarCell.swift in Sources */,
				ADCCAC391DE6ABB600757525 /* Reachability.m in Sources */,
				AD58998B1DE433F500A2F8AE /* UIView+extension.swift in Sources */,
				ADEF12061D869F51001F9C19 /* CountdownUnderlineTextField.swift in Sources */,
				AD58998D1DE43D5600A2F8AE /* PreviewAvatarViewController.swift in Sources */,
				ADEF120C1D869F7A001F9C19 /* UnderlineTextField.swift in Sources */,
				AD34AFAB1DDC20870085F21B /* ModifyInformationViewController.swift in Sources */,
				ADEF11FA1D869EB6001F9C19 /* SignUpStep2ViewController.swift in Sources */,
				AD63C2BE1DD1CF0A00BA1276 /* RSA.m in Sources */,
				AD63C2961DD1B5FF00BA1276 /* ChatRoomViewController.swift in Sources */,
				AD5899831DE4276400A2F8AE /* AbstractActionSheetPicker.m in Sources */,
				AD34AFA51DDC207F0085F21B /* MineViewController.swift in Sources */,
				ADEF11F91D869EB6001F9C19 /* SignUpStep1ViewController.swift in Sources */,
				ADF238941DE9772100D68325 /* SignResultViewController.swift in Sources */,
				AD3D20F41DE804AA0017D19B /* MTBBarcodeScanner.m in Sources */,
				AD34AFA41DDC207F0085F21B /* MineLeftImageCell.swift in Sources */,
				074734AA1D86C5080005D58C /* SignViewController.swift in Sources */,
				ADF238901DE92B7D00D68325 /* InputCodeViewController.swift in Sources */,
				ADABF3AF1DD8498600226D86 /* StudentRouter.swift in Sources */,
				AD34AFAE1DDC208D0085F21B /* SettingCell.swift in Sources */,
				AD45D9C21DD059E40031FF9E /* SignUpRouter.swift in Sources */,
				AD5899891DE432C500A2F8AE /* ChangeAvatarViewController.swift in Sources */,
				ADA257E01DE2E4D000470B07 /* MineAvatarCell.swift in Sources */,
				ADEF12091D869F6B001F9C19 /* Color.swift in Sources */,
				ADEF11FB1D869EB6001F9C19 /* SignUpStep3ViewController.swift in Sources */,
				ADBB2D321DE57D8600F1A251 /* CALayer+extension.swift in Sources */,
				AD3D20F61DE81B9C0017D19B /* CourseDetailViewController.swift in Sources */,
				AD3E73911D87AF1C005DE560 /* NoticeViewController.swift in Sources */,
				074734A41D86C3EC0005D58C /* HomePageViewController.swift in Sources */,
				AD3D20F91DE81DBF0017D19B /* SignRouter.swift in Sources */,
				ADCCAC3F1DE6C29200757525 /* SignCourseView.swift in Sources */,
				AD08D8341D86A0DC007C7ECD /* UIColor+extension.swift in Sources */,
				ADEF11DB1D869D99001F9C19 /* AppDelegate.swift in Sources */,
				AD08D8321D86A0DC007C7ECD /* String+extension.swift in Sources */,
				AD34AFA91DDC20870085F21B /* MineInfoCell.swift in Sources */,
			);
			runOnlyForDeploymentPostprocessing = 0;
		};
/* End PBXSourcesBuildPhase section */

/* Begin PBXVariantGroup section */
		ADEF11E01D869D99001F9C19 /* Main.storyboard */ = {
			isa = PBXVariantGroup;
			children = (
				ADEF11E11D869D99001F9C19 /* Base */,
			);
			name = Main.storyboard;
			sourceTree = "<group>";
		};
		ADEF11E51D869D99001F9C19 /* LaunchScreen.storyboard */ = {
			isa = PBXVariantGroup;
			children = (
				ADEF11E61D869D99001F9C19 /* Base */,
			);
			name = LaunchScreen.storyboard;
			sourceTree = "<group>";
		};
/* End PBXVariantGroup section */

/* Begin XCBuildConfiguration section */
		ADEF11E91D869D99001F9C19 /* Debug */ = {
			isa = XCBuildConfiguration;
			buildSettings = {
				ALWAYS_SEARCH_USER_PATHS = NO;
				CLANG_ANALYZER_NONNULL = YES;
				CLANG_CXX_LANGUAGE_STANDARD = "gnu++0x";
				CLANG_CXX_LIBRARY = "libc++";
				CLANG_ENABLE_MODULES = YES;
				CLANG_ENABLE_OBJC_ARC = YES;
				CLANG_WARN_BOOL_CONVERSION = YES;
				CLANG_WARN_CONSTANT_CONVERSION = YES;
				CLANG_WARN_DIRECT_OBJC_ISA_USAGE = YES_ERROR;
				CLANG_WARN_EMPTY_BODY = YES;
				CLANG_WARN_ENUM_CONVERSION = YES;
				CLANG_WARN_INFINITE_RECURSION = YES;
				CLANG_WARN_INT_CONVERSION = YES;
				CLANG_WARN_OBJC_ROOT_CLASS = YES_ERROR;
				CLANG_WARN_SUSPICIOUS_MOVE = YES;
				CLANG_WARN_UNREACHABLE_CODE = YES;
				CLANG_WARN__DUPLICATE_METHOD_MATCH = YES;
				"CODE_SIGN_IDENTITY[sdk=iphoneos*]" = "iPhone Developer";
				COPY_PHASE_STRIP = NO;
				DEBUG_INFORMATION_FORMAT = dwarf;
				ENABLE_STRICT_OBJC_MSGSEND = YES;
				ENABLE_TESTABILITY = YES;
				GCC_C_LANGUAGE_STANDARD = gnu99;
				GCC_DYNAMIC_NO_PIC = NO;
				GCC_NO_COMMON_BLOCKS = YES;
				GCC_OPTIMIZATION_LEVEL = 0;
				GCC_PREPROCESSOR_DEFINITIONS = (
					"DEBUG=1",
					"$(inherited)",
				);
				GCC_WARN_64_TO_32_BIT_CONVERSION = YES;
				GCC_WARN_ABOUT_RETURN_TYPE = YES_ERROR;
				GCC_WARN_UNDECLARED_SELECTOR = YES;
				GCC_WARN_UNINITIALIZED_AUTOS = YES_AGGRESSIVE;
				GCC_WARN_UNUSED_FUNCTION = YES;
				GCC_WARN_UNUSED_VARIABLE = YES;
				IPHONEOS_DEPLOYMENT_TARGET = 9.3;
				MTL_ENABLE_DEBUG_INFO = YES;
				ONLY_ACTIVE_ARCH = YES;
				SDKROOT = iphoneos;
				SWIFT_OPTIMIZATION_LEVEL = "-Onone";
			};
			name = Debug;
		};
		ADEF11EA1D869D99001F9C19 /* Release */ = {
			isa = XCBuildConfiguration;
			buildSettings = {
				ALWAYS_SEARCH_USER_PATHS = NO;
				CLANG_ANALYZER_NONNULL = YES;
				CLANG_CXX_LANGUAGE_STANDARD = "gnu++0x";
				CLANG_CXX_LIBRARY = "libc++";
				CLANG_ENABLE_MODULES = YES;
				CLANG_ENABLE_OBJC_ARC = YES;
				CLANG_WARN_BOOL_CONVERSION = YES;
				CLANG_WARN_CONSTANT_CONVERSION = YES;
				CLANG_WARN_DIRECT_OBJC_ISA_USAGE = YES_ERROR;
				CLANG_WARN_EMPTY_BODY = YES;
				CLANG_WARN_ENUM_CONVERSION = YES;
				CLANG_WARN_INFINITE_RECURSION = YES;
				CLANG_WARN_INT_CONVERSION = YES;
				CLANG_WARN_OBJC_ROOT_CLASS = YES_ERROR;
				CLANG_WARN_SUSPICIOUS_MOVE = YES;
				CLANG_WARN_UNREACHABLE_CODE = YES;
				CLANG_WARN__DUPLICATE_METHOD_MATCH = YES;
				"CODE_SIGN_IDENTITY[sdk=iphoneos*]" = "iPhone Developer";
				COPY_PHASE_STRIP = NO;
				DEBUG_INFORMATION_FORMAT = "dwarf-with-dsym";
				ENABLE_NS_ASSERTIONS = NO;
				ENABLE_STRICT_OBJC_MSGSEND = YES;
				GCC_C_LANGUAGE_STANDARD = gnu99;
				GCC_NO_COMMON_BLOCKS = YES;
				GCC_WARN_64_TO_32_BIT_CONVERSION = YES;
				GCC_WARN_ABOUT_RETURN_TYPE = YES_ERROR;
				GCC_WARN_UNDECLARED_SELECTOR = YES;
				GCC_WARN_UNINITIALIZED_AUTOS = YES_AGGRESSIVE;
				GCC_WARN_UNUSED_FUNCTION = YES;
				GCC_WARN_UNUSED_VARIABLE = YES;
				IPHONEOS_DEPLOYMENT_TARGET = 9.3;
				MTL_ENABLE_DEBUG_INFO = NO;
				SDKROOT = iphoneos;
				SWIFT_OPTIMIZATION_LEVEL = "-Owholemodule";
				VALIDATE_PRODUCT = YES;
			};
			name = Release;
		};
		ADEF11EC1D869D99001F9C19 /* Debug */ = {
			isa = XCBuildConfiguration;
			baseConfigurationReference = 1E75739C6BFEA729BD8CC755 /* Pods-Signer.debug.xcconfig */;
			buildSettings = {
				ALWAYS_EMBED_SWIFT_STANDARD_LIBRARIES = YES;
				ASSETCATALOG_COMPILER_APPICON_NAME = AppIcon;
				CLANG_ENABLE_MODULES = YES;
				CODE_SIGN_ENTITLEMENTS = "Signer/华师小签.entitlements";
				CODE_SIGN_IDENTITY = "iPhone Developer";
				"CODE_SIGN_IDENTITY[sdk=iphoneos*]" = "iPhone Developer";
				DEVELOPMENT_TEAM = R6964LXMCM;
				FRAMEWORK_SEARCH_PATHS = (
					"$(inherited)",
					"$(PROJECT_DIR)",
				);
				INFOPLIST_FILE = Signer/Info.plist;
				LD_RUNPATH_SEARCH_PATHS = "$(inherited) @executable_path/Frameworks";
				OTHER_LDFLAGS = (
					"$(inherited)",
					"-framework",
					"\"Alamofire\"",
					"-framework",
					"\"AlamofireNetworkActivityIndicator\"",
					"-framework",
					"\"IQKeyboardManager\"",
					"-framework",
					"\"RxCocoa\"",
					"-framework",
					"\"RxSwift\"",
					"-framework",
					"\"SDWebImage\"",
					"-framework",
					"\"SwiftyJSON\"",
					"-framework",
					"\"Toast_Swift\"",
					"-ObjC",
					"-lz",
					"-framework",
					Reveal,
				);
				PRODUCT_BUNDLE_IDENTIFIER = cn.edu.scnu.Signer;
				PRODUCT_NAME = "华师小签";
				PROVISIONING_PROFILE = "";
				SWIFT_OBJC_BRIDGING_HEADER = "Signer/Util/Extension/Signer-Bridging-Header.h";
				SWIFT_OPTIMIZATION_LEVEL = "-Onone";
				SWIFT_VERSION = 3.0;
			};
			name = Debug;
		};
		ADEF11ED1D869D99001F9C19 /* Release */ = {
			isa = XCBuildConfiguration;
			baseConfigurationReference = E3FE7DD29BC925ECFB90D625 /* Pods-Signer.release.xcconfig */;
			buildSettings = {
				ALWAYS_EMBED_SWIFT_STANDARD_LIBRARIES = YES;
				ASSETCATALOG_COMPILER_APPICON_NAME = AppIcon;
				CLANG_ENABLE_MODULES = YES;
				CODE_SIGN_ENTITLEMENTS = "Signer/华师小签.entitlements";
				CODE_SIGN_IDENTITY = "iPhone Developer";
				"CODE_SIGN_IDENTITY[sdk=iphoneos*]" = "iPhone Developer";
				DEVELOPMENT_TEAM = R6964LXMCM;
				FRAMEWORK_SEARCH_PATHS = (
					"$(inherited)",
					"$(PROJECT_DIR)",
				);
				INFOPLIST_FILE = Signer/Info.plist;
				LD_RUNPATH_SEARCH_PATHS = "$(inherited) @executable_path/Frameworks";
				OTHER_LDFLAGS = (
					"$(inherited)",
					"-framework",
					"\"Alamofire\"",
					"-framework",
					"\"AlamofireNetworkActivityIndicator\"",
					"-framework",
					"\"IQKeyboardManager\"",
					"-framework",
					"\"RxCocoa\"",
					"-framework",
					"\"RxSwift\"",
					"-framework",
					"\"SDWebImage\"",
					"-framework",
					"\"SwiftyJSON\"",
					"-framework",
					"\"Toast_Swift\"",
					"-ObjC",
					"-lz",
					"-framework",
					Reveal,
				);
				PRODUCT_BUNDLE_IDENTIFIER = cn.edu.scnu.Signer;
				PRODUCT_NAME = "华师小签";
				PROVISIONING_PROFILE = "";
				SWIFT_OBJC_BRIDGING_HEADER = "Signer/Util/Extension/Signer-Bridging-Header.h";
				SWIFT_VERSION = 3.0;
			};
			name = Release;
		};
/* End XCBuildConfiguration section */

/* Begin XCConfigurationList section */
		ADEF11D21D869D99001F9C19 /* Build configuration list for PBXProject "Signer" */ = {
			isa = XCConfigurationList;
			buildConfigurations = (
				ADEF11E91D869D99001F9C19 /* Debug */,
				ADEF11EA1D869D99001F9C19 /* Release */,
			);
			defaultConfigurationIsVisible = 0;
			defaultConfigurationName = Release;
		};
		ADEF11EB1D869D99001F9C19 /* Build configuration list for PBXNativeTarget "Signer" */ = {
			isa = XCConfigurationList;
			buildConfigurations = (
				ADEF11EC1D869D99001F9C19 /* Debug */,
				ADEF11ED1D869D99001F9C19 /* Release */,
			);
			defaultConfigurationIsVisible = 0;
			defaultConfigurationName = Release;
		};
/* End XCConfigurationList section */
	};
	rootObject = ADEF11CF1D869D99001F9C19 /* Project object */;
}
